
Microsoft Visual Studio Solution File, Format Version 12.00
# Visual Studio Version 16
VisualStudioVersion = 16.0.33130.400
MinimumVisualStudioVersion = 10.0.40219.1
Project("{FAE04EC0-301F-11D3-BF4B-00C04F79EFBC}") = "Scrapy_Dgii-RNC", "Scrapy_Dgii-RNC\Scrapy_Dgii-RNC.csproj", "{E990B732-0C54-498E-81E4-217600CF8576}"
EndProject
Global
	GlobalSection(SolutionConfigurationPlatforms) = preSolution
		Debug|Any CPU = Debug|Any CPU
		Release|Any CPU = Release|Any CPU
	EndGlobalSection
	GlobalSection(ProjectConfigurationPlatforms) = postSolution
		{E990B732-0C54-498E-81E4-217600CF8576}.Debug|Any CPU.ActiveCfg = Debug|Any CPU
		{E990B732-0C54-498E-81E4-217600CF8576}.Debug|Any CPU.Build.0 = Debug|Any CPU
		{E990B732-0C54-498E-81E4-217600CF8576}.Release|Any CPU.ActiveCfg = Release|Any CPU
		{E990B732-0C54-498E-81E4-217600CF8576}.Release|Any CPU.Build.0 = Release|Any CPU
	EndGlobalSection
	GlobalSection(SolutionProperties) = preSolution
		HideSolutionNode = FALSE
	EndGlobalSection
	GlobalSection(ExtensibilityGlobals) = postSolution
		SolutionGuid = {2419F7D4-2481-43F1-A95E-7DED5B08A4FE}
	EndGlobalSection
EndGlobal
